
Microsoft Visual Studio Solution File, Format Version 12.00
# Visual Studio Version 16
VisualStudioVersion = 16.0.30517.126
MinimumVisualStudioVersion = 10.0.40219.1
Project("{FAE04EC0-301F-11D3-BF4B-00C04F79EFBC}") = "Telega.Bot", "Telega.Bot.csproj", "{899587F0-6350-4595-81C8-962B79754289}"
EndProject
Global
	GlobalSection(SolutionConfigurationPlatforms) = preSolution
		Debug|Any CPU = Debug|Any CPU
		Release|Any CPU = Release|Any CPU
	EndGlobalSection
	GlobalSection(ProjectConfigurationPlatforms) = postSolution
		{899587F0-6350-4595-81C8-962B79754289}.Debug|Any CPU.ActiveCfg = Debug|Any CPU
		{899587F0-6350-4595-81C8-962B79754289}.Debug|Any CPU.Build.0 = Debug|Any CPU
		{899587F0-6350-4595-81C8-962B79754289}.Release|Any CPU.ActiveCfg = Release|Any CPU
		{899587F0-6350-4595-81C8-962B79754289}.Release|Any CPU.Build.0 = Release|Any CPU
	EndGlobalSection
	GlobalSection(SolutionProperties) = preSolution
		HideSolutionNode = FALSE
	EndGlobalSection
	GlobalSection(ExtensibilityGlobals) = postSolution
		SolutionGuid = {AEDC73B8-7560-44C8-A810-DA4BDCC942A6}
	EndGlobalSection
EndGlobal
